Microsoft Visual Studio Solution File, Format Version 12.00
# Visual Studio Version 17
VisualStudioVersion = 17.5.2.0
MinimumVisualStudioVersion = 10.0.40219.1
Project("{FAE04EC0-301F-11D3-BF4B-00C04F79EFBC}") = "LoginAPI", "LoginAPI.csproj", "{B0EB3804-F8ED-A0F5-9FAE-5D7AF4D077A6}"
EndProject
Global
	GlobalSection(SolutionConfigurationPlatforms) = preSolution
		Debug|Any CPU = Debug|Any CPU
		Release|Any CPU = Release|Any CPU
	EndGlobalSection
	GlobalSection(ProjectConfigurationPlatforms) = postSolution
		{B0EB3804-F8ED-A0F5-9FAE-5D7AF4D077A6}.Debug|Any CPU.ActiveCfg = Debug|Any CPU
		{B0EB3804-F8ED-A0F5-9FAE-5D7AF4D077A6}.Debug|Any CPU.Build.0 = Debug|Any CPU
		{B0EB3804-F8ED-A0F5-9FAE-5D7AF4D077A6}.Release|Any CPU.ActiveCfg = Release|Any CPU
		{B0EB3804-F8ED-A0F5-9FAE-5D7AF4D077A6}.Release|Any CPU.Build.0 = Release|Any CPU
	EndGlobalSection
	GlobalSection(SolutionProperties) = preSolution
		HideSolutionNode = FALSE
	EndGlobalSection
	GlobalSection(ExtensibilityGlobals) = postSolution
		SolutionGuid = {21EBFEC0-5E4C-44CC-8640-AD80B85F89C9}
	EndGlobalSection
EndGlobal
